
Microsoft Visual Studio Solution File, Format Version 12.00
# Visual Studio 2012
Project("{FAE04EC0-301F-11D3-BF4B-00C04F79EFBC}") = "StudentsStatisticsTests", "StudentsStatisticsTests\StudentsStatisticsTests.csproj", "{598857A4-8927-453F-8697-A3C06D4389DB}"
EndProject
Project("{FAE04EC0-301F-11D3-BF4B-00C04F79EFBC}") = "StudentsStatisticsConsoleCore", "StudentsStatisticsCore\StudentsStatisticsConsoleCore.csproj", "{9BC44367-5EA5-43E6-9322-4A58548F2FA9}"
EndProject
Project("{FAE04EC0-301F-11D3-BF4B-00C04F79EFBC}") = "StudentsStatisticCore", "StudentsStatisticCore\StudentsStatisticCore.csproj", "{E6C18921-C5BD-46C7-BA2E-E54392DDB0C0}"
EndProject
Global
	GlobalSection(SolutionConfigurationPlatforms) = preSolution
		Debug|Any CPU = Debug|Any CPU
		Release|Any CPU = Release|Any CPU
	EndGlobalSection
	GlobalSection(ProjectConfigurationPlatforms) = postSolution
		{598857A4-8927-453F-8697-A3C06D4389DB}.Debug|Any CPU.ActiveCfg = Debug|Any CPU
		{598857A4-8927-453F-8697-A3C06D4389DB}.Debug|Any CPU.Build.0 = Debug|Any CPU
		{598857A4-8927-453F-8697-A3C06D4389DB}.Release|Any CPU.ActiveCfg = Release|Any CPU
		{598857A4-8927-453F-8697-A3C06D4389DB}.Release|Any CPU.Build.0 = Release|Any CPU
		{9BC44367-5EA5-43E6-9322-4A58548F2FA9}.Debug|Any CPU.ActiveCfg = Debug|Any CPU
		{9BC44367-5EA5-43E6-9322-4A58548F2FA9}.Debug|Any CPU.Build.0 = Debug|Any CPU
		{9BC44367-5EA5-43E6-9322-4A58548F2FA9}.Release|Any CPU.ActiveCfg = Release|Any CPU
		{9BC44367-5EA5-43E6-9322-4A58548F2FA9}.Release|Any CPU.Build.0 = Release|Any CPU
		{E6C18921-C5BD-46C7-BA2E-E54392DDB0C0}.Debug|Any CPU.ActiveCfg = Debug|Any CPU
		{E6C18921-C5BD-46C7-BA2E-E54392DDB0C0}.Debug|Any CPU.Build.0 = Debug|Any CPU
		{E6C18921-C5BD-46C7-BA2E-E54392DDB0C0}.Release|Any CPU.ActiveCfg = Release|Any CPU
		{E6C18921-C5BD-46C7-BA2E-E54392DDB0C0}.Release|Any CPU.Build.0 = Release|Any CPU
	EndGlobalSection
EndGlobal
